
Microsoft Visual Studio Solution File, Format Version 12.00
# Visual Studio 15
VisualStudioVersion = 15.0.28010.2019
MinimumVisualStudioVersion = 10.0.40219.1
Project("{9A19103F-16F7-4668-BE54-9A1E7A4F7556}") = "LinqPagination", "LinqPagination\LinqPagination.csproj", "{382E863D-D00F-4191-A4A3-8F4BF4F24BFE}"
EndProject
Project("{9A19103F-16F7-4668-BE54-9A1E7A4F7556}") = "LinqPaginationTest", "LinqPaginationTest\LinqPaginationTest.csproj", "{5605481C-B420-4AA0-9CA2-9A500EA143C6}"
EndProject
Global
	GlobalSection(SolutionConfigurationPlatforms) = preSolution
		Debug|Any CPU = Debug|Any CPU
		Release|Any CPU = Release|Any CPU
	EndGlobalSection
	GlobalSection(ProjectConfigurationPlatforms) = postSolution
		{382E863D-D00F-4191-A4A3-8F4BF4F24BFE}.Debug|Any CPU.ActiveCfg = Debug|Any CPU
		{382E863D-D00F-4191-A4A3-8F4BF4F24BFE}.Debug|Any CPU.Build.0 = Debug|Any CPU
		{382E863D-D00F-4191-A4A3-8F4BF4F24BFE}.Release|Any CPU.ActiveCfg = Release|Any CPU
		{382E863D-D00F-4191-A4A3-8F4BF4F24BFE}.Release|Any CPU.Build.0 = Release|Any CPU
		{5605481C-B420-4AA0-9CA2-9A500EA143C6}.Debug|Any CPU.ActiveCfg = Debug|Any CPU
		{5605481C-B420-4AA0-9CA2-9A500EA143C6}.Debug|Any CPU.Build.0 = Debug|Any CPU
		{5605481C-B420-4AA0-9CA2-9A500EA143C6}.Release|Any CPU.ActiveCfg = Release|Any CPU
		{5605481C-B420-4AA0-9CA2-9A500EA143C6}.Release|Any CPU.Build.0 = Release|Any CPU
	EndGlobalSection
	GlobalSection(SolutionProperties) = preSolution
		HideSolutionNode = FALSE
	EndGlobalSection
	GlobalSection(ExtensibilityGlobals) = postSolution
		SolutionGuid = {72211156-E5B0-4101-BEDD-3857E490E1D4}
	EndGlobalSection
EndGlobal
